Microsoft Visual Studio Solution File, Format Version 12.00
# Visual Studio Version 17
VisualStudioVersion = 17.5.2.0
MinimumVisualStudioVersion = 10.0.40219.1
Project("{2150E333-8FDC-42A3-9474-1A3956D46DE8}") = "win", "win", "{7F41DE96-DA2D-4182-B7D7-1A7729A72A54}"
EndProject
Project("{FAE04EC0-301F-11D3-BF4B-00C04F79EFBC}") = "MySqlStudio", "win\mysql_studio\MySqlStudio.csproj", "{09F90191-FE11-4C84-9336-16153CE8A370}"
EndProject
Project("{2150E333-8FDC-42A3-9474-1A3956D46DE8}") = "library", "library", "{EA2D0710-CABD-40AF-9AD7-0169055F9DD0}"
EndProject
Project("{8BC9CEB8-8B4A-11D0-8D11-00A0C91BC942}") = "mysql.forms", "library\forms\mysql.forms.vcxproj", "{28FCB4E3-8BAA-42F2-B2C6-247D9D0745B1}"
EndProject
Project("{8BC9CEB8-8B4A-11D0-8D11-00A0C91BC942}") = "mysql.canvas", "library\mysql.canvas\mysql.canvas.vcxproj", "{1B17D534-365D-4C93-B3B6-55610DF8629A}"
EndProject
Project("{8BC9CEB8-8B4A-11D0-8D11-00A0C91BC942}") = "base", "library\base\base.vcxproj", "{C3B85913-B106-40C6-8DDE-A7CF52A4EC80}"
EndProject
Project("{8BC9CEB8-8B4A-11D0-8D11-00A0C91BC942}") = "base.wr", "library\base.wr\base.wr.vcxproj", "{456D822C-724A-412C-B0EB-9EC88378DECB}"
EndProject
Project("{8BC9CEB8-8B4A-11D0-8D11-00A0C91BC942}") = "mysqlstudio.x.wr", "win\mysql_studio.wr\mysqlworkbench.x.wr.vcxproj", "{46C043BE-3C98-4BCE-AECA-8D31F9035062}"
EndProject
Global
	GlobalSection(SolutionConfigurationPlatforms) = preSolution
		Debug|Any CPU = Debug|Any CPU
		Debug|x64 = Debug|x64
		Release|Any CPU = Release|Any CPU
		Release|x64 = Release|x64
	EndGlobalSection
	GlobalSection(ProjectConfigurationPlatforms) = postSolution
		{09F90191-FE11-4C84-9336-16153CE8A370}.Debug|Any CPU.ActiveCfg = Debug|Any CPU
		{09F90191-FE11-4C84-9336-16153CE8A370}.Debug|Any CPU.Build.0 = Debug|Any CPU
		{09F90191-FE11-4C84-9336-16153CE8A370}.Debug|x64.ActiveCfg = Debug|x64
		{09F90191-FE11-4C84-9336-16153CE8A370}.Debug|x64.Build.0 = Debug|x64
		{09F90191-FE11-4C84-9336-16153CE8A370}.Release|Any CPU.ActiveCfg = Release|Any CPU
		{09F90191-FE11-4C84-9336-16153CE8A370}.Release|Any CPU.Build.0 = Release|Any CPU
		{09F90191-FE11-4C84-9336-16153CE8A370}.Release|x64.ActiveCfg = Release|x64
		{09F90191-FE11-4C84-9336-16153CE8A370}.Release|x64.Build.0 = Release|x64
		{28FCB4E3-8BAA-42F2-B2C6-247D9D0745B1}.Debug|Any CPU.ActiveCfg = Debug|x64
		{28FCB4E3-8BAA-42F2-B2C6-247D9D0745B1}.Debug|Any CPU.Build.0 = Debug|x64
		{28FCB4E3-8BAA-42F2-B2C6-247D9D0745B1}.Debug|x64.ActiveCfg = Debug|x64
		{28FCB4E3-8BAA-42F2-B2C6-247D9D0745B1}.Debug|x64.Build.0 = Debug|x64
		{28FCB4E3-8BAA-42F2-B2C6-247D9D0745B1}.Release|Any CPU.ActiveCfg = Release|x64
		{28FCB4E3-8BAA-42F2-B2C6-247D9D0745B1}.Release|Any CPU.Build.0 = Release|x64
		{28FCB4E3-8BAA-42F2-B2C6-247D9D0745B1}.Release|x64.ActiveCfg = Release|x64
		{28FCB4E3-8BAA-42F2-B2C6-247D9D0745B1}.Release|x64.Build.0 = Release|x64
		{1B17D534-365D-4C93-B3B6-55610DF8629A}.Debug|Any CPU.ActiveCfg = Debug|x64
		{1B17D534-365D-4C93-B3B6-55610DF8629A}.Debug|Any CPU.Build.0 = Debug|x64
		{1B17D534-365D-4C93-B3B6-55610DF8629A}.Debug|x64.ActiveCfg = Debug|x64
		{1B17D534-365D-4C93-B3B6-55610DF8629A}.Debug|x64.Build.0 = Debug|x64
		{1B17D534-365D-4C93-B3B6-55610DF8629A}.Release|Any CPU.ActiveCfg = Release|x64
		{1B17D534-365D-4C93-B3B6-55610DF8629A}.Release|Any CPU.Build.0 = Release|x64
		{1B17D534-365D-4C93-B3B6-55610DF8629A}.Release|x64.ActiveCfg = Release|x64
		{1B17D534-365D-4C93-B3B6-55610DF8629A}.Release|x64.Build.0 = Release|x64
		{C3B85913-B106-40C6-8DDE-A7CF52A4EC80}.Debug|Any CPU.ActiveCfg = Debug|x64
		{C3B85913-B106-40C6-8DDE-A7CF52A4EC80}.Debug|Any CPU.Build.0 = Debug|x64
		{C3B85913-B106-40C6-8DDE-A7CF52A4EC80}.Debug|x64.ActiveCfg = Debug|x64
		{C3B85913-B106-40C6-8DDE-A7CF52A4EC80}.Debug|x64.Build.0 = Debug|x64
		{C3B85913-B106-40C6-8DDE-A7CF52A4EC80}.Release|Any CPU.ActiveCfg = Release|x64
		{C3B85913-B106-40C6-8DDE-A7CF52A4EC80}.Release|Any CPU.Build.0 = Release|x64
		{C3B85913-B106-40C6-8DDE-A7CF52A4EC80}.Release|x64.ActiveCfg = Release|x64
		{C3B85913-B106-40C6-8DDE-A7CF52A4EC80}.Release|x64.Build.0 = Release|x64
		{456D822C-724A-412C-B0EB-9EC88378DECB}.Debug|Any CPU.ActiveCfg = Debug|x64
		{456D822C-724A-412C-B0EB-9EC88378DECB}.Debug|Any CPU.Build.0 = Debug|x64
		{456D822C-724A-412C-B0EB-9EC88378DECB}.Debug|x64.ActiveCfg = Debug|x64
		{456D822C-724A-412C-B0EB-9EC88378DECB}.Debug|x64.Build.0 = Debug|x64
		{456D822C-724A-412C-B0EB-9EC88378DECB}.Release|Any CPU.ActiveCfg = Release|x64
		{456D822C-724A-412C-B0EB-9EC88378DECB}.Release|Any CPU.Build.0 = Release|x64
		{456D822C-724A-412C-B0EB-9EC88378DECB}.Release|x64.ActiveCfg = Release|x64
		{456D822C-724A-412C-B0EB-9EC88378DECB}.Release|x64.Build.0 = Release|x64
		{46C043BE-3C98-4BCE-AECA-8D31F9035062}.Debug|Any CPU.ActiveCfg = Debug|x64
		{46C043BE-3C98-4BCE-AECA-8D31F9035062}.Debug|Any CPU.Build.0 = Debug|x64
		{46C043BE-3C98-4BCE-AECA-8D31F9035062}.Debug|x64.ActiveCfg = Debug|x64
		{46C043BE-3C98-4BCE-AECA-8D31F9035062}.Debug|x64.Build.0 = Debug|x64
		{46C043BE-3C98-4BCE-AECA-8D31F9035062}.Release|Any CPU.ActiveCfg = Release|x64
		{46C043BE-3C98-4BCE-AECA-8D31F9035062}.Release|Any CPU.Build.0 = Release|x64
		{46C043BE-3C98-4BCE-AECA-8D31F9035062}.Release|x64.ActiveCfg = Release|x64
		{46C043BE-3C98-4BCE-AECA-8D31F9035062}.Release|x64.Build.0 = Release|x64
	EndGlobalSection
	GlobalSection(SolutionProperties) = preSolution
		HideSolutionNode = FALSE
	EndGlobalSection
	GlobalSection(NestedProjects) = preSolution
		{09F90191-FE11-4C84-9336-16153CE8A370} = {7F41DE96-DA2D-4182-B7D7-1A7729A72A54}
		{28FCB4E3-8BAA-42F2-B2C6-247D9D0745B1} = {EA2D0710-CABD-40AF-9AD7-0169055F9DD0}
		{1B17D534-365D-4C93-B3B6-55610DF8629A} = {EA2D0710-CABD-40AF-9AD7-0169055F9DD0}
		{C3B85913-B106-40C6-8DDE-A7CF52A4EC80} = {EA2D0710-CABD-40AF-9AD7-0169055F9DD0}
		{456D822C-724A-412C-B0EB-9EC88378DECB} = {EA2D0710-CABD-40AF-9AD7-0169055F9DD0}
		{46C043BE-3C98-4BCE-AECA-8D31F9035062} = {EA2D0710-CABD-40AF-9AD7-0169055F9DD0}
	EndGlobalSection
	GlobalSection(ExtensibilityGlobals) = postSolution
		SolutionGuid = {4117DCD3-941F-49AA-9520-469086A11830}
	EndGlobalSection
EndGlobal
